
Microsoft Visual Studio Solution File, Format Version 12.00
# Visual Studio Version 16
VisualStudioVersion = 16.0.32630.194
MinimumVisualStudioVersion = 10.0.40219.1
Project("{FAE04EC0-301F-11D3-BF4B-00C04F79EFBC}") = "eTickets", "eTickets.csproj", "{3BB63969-E9E0-4E4E-861D-946D11E4049B}"
EndProject
Global
	GlobalSection(SolutionConfigurationPlatforms) = preSolution
		Debug|Any CPU = Debug|Any CPU
		Release|Any CPU = Release|Any CPU
	EndGlobalSection
	GlobalSection(ProjectConfigurationPlatforms) = postSolution
		{3BB63969-E9E0-4E4E-861D-946D11E4049B}.Debug|Any CPU.ActiveCfg = Debug|Any CPU
		{3BB63969-E9E0-4E4E-861D-946D11E4049B}.Debug|Any CPU.Build.0 = Debug|Any CPU
		{3BB63969-E9E0-4E4E-861D-946D11E4049B}.Release|Any CPU.ActiveCfg = Release|Any CPU
		{3BB63969-E9E0-4E4E-861D-946D11E4049B}.Release|Any CPU.Build.0 = Release|Any CPU
	EndGlobalSection
	GlobalSection(SolutionProperties) = preSolution
		HideSolutionNode = FALSE
	EndGlobalSection
	GlobalSection(ExtensibilityGlobals) = postSolution
		SolutionGuid = {3DCC4C77-DE67-48FD-ADA3-6A179F019D0C}
	EndGlobalSection
EndGlobal
